// !$*UTF8*$!
{
	archiveVersion = 1;
	classes = {
	};
	objectVersion = 46;
	objects = {

/* Begin PBXBuildFile section */
		72D7549914D67B4D001FCCA5 /* NSString+MD5Addition.m in Sources */ = {isa = PBXBuildFile; fileRef = 72D7549614D67B4D001FCCA5 /* NSString+MD5Addition.m */; };
		72D7549A14D67B4D001FCCA5 /* UIDevice+IdentifierAddition.m in Sources */ = {isa = PBXBuildFile; fileRef = 72D7549814D67B4D001FCCA5 /* UIDevice+IdentifierAddition.m */; };
		72D7549E14D67CBA001FCCA5 /* TextFieldCell.m in Sources */ = {isa = PBXBuildFile; fileRef = 72D7549D14D67CBA001FCCA5 /* TextFieldCell.m */; };
		72D754A014D67CC6001FCCA5 /* TextFieldCell.xib in Resources */ = {isa = PBXBuildFile; fileRef = 72D7549F14D67CC6001FCCA5 /* TextFieldCell.xib */; };
		72D754A314D67D7E001FCCA5 /* UIView+XIBLoading.m in Sources */ = {isa = PBXBuildFile; fileRef = 72D754A214D67D7E001FCCA5 /* UIView+XIBLoading.m */; };
		72D754B114D68230001FCCA5 /* QuartzCore.framework in Frameworks */ = {isa = PBXBuildFile; fileRef = 72D754B014D68230001FCCA5 /* QuartzCore.framework */; };
		72D754B514D6853B001FCCA5 /* StepIn.xcdatamodeld in Sources */ = {isa = PBXBuildFile; fileRef = 72D754B314D6853B001FCCA5 /* StepIn.xcdatamodeld */; };
		72D754BC14D6867C001FCCA5 /* CoreData.framework in Frameworks */ = {isa = PBXBuildFile; fileRef = 72D754BB14D6867C001FCCA5 /* CoreData.framework */; };
		D1039FA514D580B0007EB57D /* UIKit.framework in Frameworks */ = {isa = PBXBuildFile; fileRef = D1039FA414D580B0007EB57D /* UIKit.framework */; };
		D1039FA714D580B0007EB57D /* Foundation.framework in Frameworks */ = {isa = PBXBuildFile; fileRef = D1039FA614D580B0007EB57D /* Foundation.framework */; };
		D1039FA914D580B0007EB57D /* CoreGraphics.framework in Frameworks */ = {isa = PBXBuildFile; fileRef = D1039FA814D580B0007EB57D /* CoreGraphics.framework */; };
		D1039FAF14D580B0007EB57D /* InfoPlist.strings in Resources */ = {isa = PBXBuildFile; fileRef = D1039FAD14D580B0007EB57D /* InfoPlist.strings */; };
		D1039FB114D580B0007EB57D /* main.m in Sources */ = {isa = PBXBuildFile; fileRef = D1039FB014D580B0007EB57D /* main.m */; };
		D1039FB514D580B0007EB57D /* SIDelegate.m in Sources */ = {isa = PBXBuildFile; fileRef = D1039FB414D580B0007EB57D /* SIDelegate.m */; };
		D1039FC314D58110007EB57D /* SIUIApplication.m in Sources */ = {isa = PBXBuildFile; fileRef = D1039FC214D58110007EB57D /* SIUIApplication.m */; };
		D1039FC614D58144007EB57D /* SIInjector.m in Sources */ = {isa = PBXBuildFile; fileRef = D1039FC514D58144007EB57D /* SIInjector.m */; };
		D1039FC914D581BF007EB57D /* AppScope.m in Sources */ = {isa = PBXBuildFile; fileRef = D1039FC814D581BF007EB57D /* AppScope.m */; };
		D1E7EB5F14D5B3E8002E3BF2 /* AlertViewController.m in Sources */ = {isa = PBXBuildFile; fileRef = D1E7EB5D14D5B3E8002E3BF2 /* AlertViewController.m */; };
		D1E7EB6014D5B3E8002E3BF2 /* AlertViewController.xib in Resources */ = {isa = PBXBuildFile; fileRef = D1E7EB5E14D5B3E8002E3BF2 /* AlertViewController.xib */; };
		D1E7EB6914D5B6CD002E3BF2 /* alert.png in Resources */ = {isa = PBXBuildFile; fileRef = D1E7EB6814D5B6CD002E3BF2 /* alert.png */; };
		D1E7EB6E14D5B879002E3BF2 /* MyAgentsViewController.m in Sources */ = {isa = PBXBuildFile; fileRef = D1E7EB6C14D5B879002E3BF2 /* MyAgentsViewController.m */; };
		D1E7EB6F14D5B879002E3BF2 /* MyAgentsViewController.xib in Resources */ = {isa = PBXBuildFile; fileRef = D1E7EB6D14D5B879002E3BF2 /* MyAgentsViewController.xib */; };
		D1E7EB7114D5B9F2002E3BF2 /* account.png in Resources */ = {isa = PBXBuildFile; fileRef = D1E7EB7014D5B9F2002E3BF2 /* account.png */; };
		D1E7EB7614D5BC8D002E3BF2 /* AccountViewController.m in Sources */ = {isa = PBXBuildFile; fileRef = D1E7EB7414D5BC8D002E3BF2 /* AccountViewController.m */; };
		D1E7EB7714D5BC8D002E3BF2 /* AccountViewController.xib in Resources */ = {isa = PBXBuildFile; fileRef = D1E7EB7514D5BC8D002E3BF2 /* AccountViewController.xib */; };
		D1E7EB7914D5C14E002E3BF2 /* agents.png in Resources */ = {isa = PBXBuildFile; fileRef = D1E7EB7814D5C14E002E3BF2 /* agents.png */; };
/* End PBXBuildFile section */

/* Begin PBXFileReference section */
		72D7549514D67B4D001FCCA5 /* NSString+MD5Addition.h */ = {isa = PBXFileReference; fileEncoding = 4; lastKnownFileType = sourcecode.c.h; name = "NSString+MD5Addition.h"; path = "Categories/NSString+MD5Addition.h"; sourceTree = KFramework; };
		72D7549614D67B4D001FCCA5 /* NSString+MD5Addition.m */ = {isa = PBXFileReference; fileEncoding = 4; lastKnownFileType = sourcecode.c.objc; name = "NSString+MD5Addition.m"; path = "Categories/NSString+MD5Addition.m"; sourceTree = KFramework; };
		72D7549714D67B4D001FCCA5 /* UIDevice+IdentifierAddition.h */ = {isa = PBXFileReference; fileEncoding = 4; lastKnownFileType = sourcecode.c.h; name = "UIDevice+IdentifierAddition.h"; path = "Categories/UIDevice+IdentifierAddition.h"; sourceTree = KFramework; };
		72D7549814D67B4D001FCCA5 /* UIDevice+IdentifierAddition.m */ = {isa = PBXFileReference; fileEncoding = 4; lastKnownFileType = sourcecode.c.objc; name = "UIDevice+IdentifierAddition.m"; path = "Categories/UIDevice+IdentifierAddition.m"; sourceTree = KFramework; };
		72D7549C14D67CBA001FCCA5 /* TextFieldCell.h */ = {isa = PBXFileReference; fileEncoding = 4; lastKnownFileType = sourcecode.c.h; path = TextFieldCell.h; sourceTree = "<group>"; };
		72D7549D14D67CBA001FCCA5 /* TextFieldCell.m */ = {isa = PBXFileReference; fileEncoding = 4; lastKnownFileType = sourcecode.c.objc; path = TextFieldCell.m; sourceTree = "<group>"; };
		72D7549F14D67CC6001FCCA5 /* TextFieldCell.xib */ = {isa = PBXFileReference; fileEncoding = 4; lastKnownFileType = file.xib; path = TextFieldCell.xib; sourceTree = "<group>"; };
		72D754A114D67D7E001FCCA5 /* UIView+XIBLoading.h */ = {isa = PBXFileReference; fileEncoding = 4; lastKnownFileType = sourcecode.c.h; name = "UIView+XIBLoading.h"; path = "UIView+XIBLoading/UIView+XIBLoading.h"; sourceTree = KFramework; };
		72D754A214D67D7E001FCCA5 /* UIView+XIBLoading.m */ = {isa = PBXFileReference; fileEncoding = 4; lastKnownFileType = sourcecode.c.objc; name = "UIView+XIBLoading.m"; path = "UIView+XIBLoading/UIView+XIBLoading.m"; sourceTree = KFramework; };
		72D754B014D68230001FCCA5 /* QuartzCore.framework */ = {isa = PBXFileReference; lastKnownFileType = wrapper.framework; name = QuartzCore.framework; path = System/Library/Frameworks/QuartzCore.framework; sourceTree = SDKROOT; };
		72D754B414D6853B001FCCA5 /* StepIn.xcdatamodel */ = {isa = PBXFileReference; lastKnownFileType = wrapper.xcdatamodel; path = StepIn.xcdatamodel; sourceTree = "<group>"; };
		72D754BB14D6867C001FCCA5 /* CoreData.framework */ = {isa = PBXFileReference; lastKnownFileType = wrapper.framework; name = CoreData.framework; path = System/Library/Frameworks/CoreData.framework; sourceTree = SDKROOT; };
		D1039FA014D580B0007EB57D /* StepIn.app */ = {isa = PBXFileReference; explicitFileType = wrapper.application; includeInIndex = 0; path = StepIn.app; sourceTree = BUILT_PRODUCTS_DIR; };
		D1039FA414D580B0007EB57D /* UIKit.framework */ = {isa = PBXFileReference; lastKnownFileType = wrapper.framework; name = UIKit.framework; path = System/Library/Frameworks/UIKit.framework; sourceTree = SDKROOT; };
		D1039FA614D580B0007EB57D /* Foundation.framework */ = {isa = PBXFileReference; lastKnownFileType = wrapper.framework; name = Foundation.framework; path = System/Library/Frameworks/Foundation.framework; sourceTree = SDKROOT; };
		D1039FA814D580B0007EB57D /* CoreGraphics.framework */ = {isa = PBXFileReference; lastKnownFileType = wrapper.framework; name = CoreGraphics.framework; path = System/Library/Frameworks/CoreGraphics.framework; sourceTree = SDKROOT; };
		D1039FAC14D580B0007EB57D /* StepIn-Info.plist */ = {isa = PBXFileReference; lastKnownFileType = text.plist.xml; path = "StepIn-Info.plist"; sourceTree = "<group>"; };
		D1039FAE14D580B0007EB57D /* en */ = {isa = PBXFileReference; lastKnownFileType = text.plist.strings; name = en; path = en.lproj/InfoPlist.strings; sourceTree = "<group>"; };
		D1039FB014D580B0007EB57D /* main.m */ = {isa = PBXFileReference; lastKnownFileType = sourcecode.c.objc; path = main.m; sourceTree = "<group>"; };
		D1039FB214D580B0007EB57D /* StepIn-Prefix.pch */ = {isa = PBXFileReference; lastKnownFileType = sourcecode.c.h; path = "StepIn-Prefix.pch"; sourceTree = "<group>"; };
		D1039FB314D580B0007EB57D /* SIDelegate.h */ = {isa = PBXFileReference; lastKnownFileType = sourcecode.c.h; path = SIDelegate.h; sourceTree = "<group>"; };
		D1039FB414D580B0007EB57D /* SIDelegate.m */ = {isa = PBXFileReference; lastKnownFileType = sourcecode.c.objc; path = SIDelegate.m; sourceTree = "<group>"; };
		D1039FC114D58110007EB57D /* SIUIApplication.h */ = {isa = PBXFileReference; fileEncoding = 4; lastKnownFileType = sourcecode.c.h; path = SIUIApplication.h; sourceTree = "<group>"; };
		D1039FC214D58110007EB57D /* SIUIApplication.m */ = {isa = PBXFileReference; fileEncoding = 4; lastKnownFileType = sourcecode.c.objc; path = SIUIApplication.m; sourceTree = "<group>"; };
		D1039FC414D58144007EB57D /* SIInjector.h */ = {isa = PBXFileReference; fileEncoding = 4; lastKnownFileType = sourcecode.c.h; path = SIInjector.h; sourceTree = "<group>"; };
		D1039FC514D58144007EB57D /* SIInjector.m */ = {isa = PBXFileReference; fileEncoding = 4; lastKnownFileType = sourcecode.c.objc; path = SIInjector.m; sourceTree = "<group>"; };
		D1039FC714D581BF007EB57D /* AppScope.h */ = {isa = PBXFileReference; fileEncoding = 4; lastKnownFileType = sourcecode.c.h; path = AppScope.h; sourceTree = "<group>"; };
		D1039FC814D581BF007EB57D /* AppScope.m */ = {isa = PBXFileReference; fileEncoding = 4; lastKnownFileType = sourcecode.c.objc; path = AppScope.m; sourceTree = "<group>"; };
		D1039FCA14D581ED007EB57D /* TypeDef.h */ = {isa = PBXFileReference; fileEncoding = 4; lastKnownFileType = sourcecode.c.h; path = TypeDef.h; sourceTree = "<group>"; };
		D1E7EB5C14D5B3E8002E3BF2 /* AlertViewController.h */ = {isa = PBXFileReference; fileEncoding = 4; lastKnownFileType = sourcecode.c.h; path = AlertViewController.h; sourceTree = "<group>"; };
		D1E7EB5D14D5B3E8002E3BF2 /* AlertViewController.m */ = {isa = PBXFileReference; fileEncoding = 4; lastKnownFileType = sourcecode.c.objc; path = AlertViewController.m; sourceTree = "<group>"; };
		D1E7EB5E14D5B3E8002E3BF2 /* AlertViewController.xib */ = {isa = PBXFileReference; fileEncoding = 4; lastKnownFileType = file.xib; path = AlertViewController.xib; sourceTree = "<group>"; };
		D1E7EB6814D5B6CD002E3BF2 /* alert.png */ = {isa = PBXFileReference; lastKnownFileType = image.png; name = alert.png; path = images/alert.png; sourceTree = SOURCE_ROOT; };
		D1E7EB6B14D5B879002E3BF2 /* MyAgentsViewController.h */ = {isa = PBXFileReference; fileEncoding = 4; lastKnownFileType = sourcecode.c.h; path = MyAgentsViewController.h; sourceTree = "<group>"; };
		D1E7EB6C14D5B879002E3BF2 /* MyAgentsViewController.m */ = {isa = PBXFileReference; fileEncoding = 4; lastKnownFileType = sourcecode.c.objc; path = MyAgentsViewController.m; sourceTree = "<group>"; };
		D1E7EB6D14D5B879002E3BF2 /* MyAgentsViewController.xib */ = {isa = PBXFileReference; fileEncoding = 4; lastKnownFileType = file.xib; path = MyAgentsViewController.xib; sourceTree = "<group>"; };
		D1E7EB7014D5B9F2002E3BF2 /* account.png */ = {isa = PBXFileReference; lastKnownFileType = image.png; name = account.png; path = images/account.png; sourceTree = SOURCE_ROOT; };
		D1E7EB7314D5BC8D002E3BF2 /* AccountViewController.h */ = {isa = PBXFileReference; fileEncoding = 4; lastKnownFileType = sourcecode.c.h; path = AccountViewController.h; sourceTree = "<group>"; };
		D1E7EB7414D5BC8D002E3BF2 /* AccountViewController.m */ = {isa = PBXFileReference; fileEncoding = 4; lastKnownFileType = sourcecode.c.objc; path = AccountViewController.m; sourceTree = "<group>"; };
		D1E7EB7514D5BC8D002E3BF2 /* AccountViewController.xib */ = {isa = PBXFileReference; fileEncoding = 4; lastKnownFileType = file.xib; path = AccountViewController.xib; sourceTree = "<group>"; };
		D1E7EB7814D5C14E002E3BF2 /* agents.png */ = {isa = PBXFileReference; lastKnownFileType = image.png; name = agents.png; path = images/agents.png; sourceTree = SOURCE_ROOT; };
/* End PBXFileReference section */

/* Begin PBXFrameworksBuildPhase section */
		D1039F9D14D580B0007EB57D /* Frameworks */ = {
			isa = PBXFrameworksBuildPhase;
			buildActionMask = 2147483647;
			files = (
				72D754BC14D6867C001FCCA5 /* CoreData.framework in Frameworks */,
				72D754B114D68230001FCCA5 /* QuartzCore.framework in Frameworks */,
				D1039FA514D580B0007EB57D /* UIKit.framework in Frameworks */,
				D1039FA714D580B0007EB57D /* Foundation.framework in Frameworks */,
				D1039FA914D580B0007EB57D /* CoreGraphics.framework in Frameworks */,
			);
			runOnlyForDeploymentPostprocessing = 0;
		};
/* End PBXFrameworksBuildPhase section */

/* Begin PBXGroup section */
		72D7549414D67B42001FCCA5 /* Categories */ = {
			isa = PBXGroup;
			children = (
				72D754A114D67D7E001FCCA5 /* UIView+XIBLoading.h */,
				72D754A214D67D7E001FCCA5 /* UIView+XIBLoading.m */,
				72D7549514D67B4D001FCCA5 /* NSString+MD5Addition.h */,
				72D7549614D67B4D001FCCA5 /* NSString+MD5Addition.m */,
				72D7549714D67B4D001FCCA5 /* UIDevice+IdentifierAddition.h */,
				72D7549814D67B4D001FCCA5 /* UIDevice+IdentifierAddition.m */,
			);
			name = Categories;
			sourceTree = "<group>";
		};
		72D7549B14D67CA1001FCCA5 /* cell */ = {
			isa = PBXGroup;
			children = (
				72D7549C14D67CBA001FCCA5 /* TextFieldCell.h */,
				72D7549D14D67CBA001FCCA5 /* TextFieldCell.m */,
				72D7549F14D67CC6001FCCA5 /* TextFieldCell.xib */,
			);
			name = cell;
			sourceTree = "<group>";
		};
		72D754A814D68004001FCCA5 /* CustomController */ = {
			isa = PBXGroup;
			children = (
			);
			name = CustomController;
			sourceTree = "<group>";
		};
		72D754B214D684B6001FCCA5 /* CoreData */ = {
			isa = PBXGroup;
			children = (
				72D754B314D6853B001FCCA5 /* StepIn.xcdatamodeld */,
			);
			name = CoreData;
			sourceTree = "<group>";
		};
		D1039F9514D580B0007EB57D = {
			isa = PBXGroup;
			children = (
				72D754BB14D6867C001FCCA5 /* CoreData.framework */,
				72D754B014D68230001FCCA5 /* QuartzCore.framework */,
				D1039FAA14D580B0007EB57D /* StepIn */,
				D1E7EB6614D5B6AD002E3BF2 /* Resources */,
				D1039FA314D580B0007EB57D /* Frameworks */,
				D1039FA114D580B0007EB57D /* Products */,
			);
			sourceTree = "<group>";
		};
		D1039FA114D580B0007EB57D /* Products */ = {
			isa = PBXGroup;
			children = (
				D1039FA014D580B0007EB57D /* StepIn.app */,
			);
			name = Products;
			sourceTree = "<group>";
		};
		D1039FA314D580B0007EB57D /* Frameworks */ = {
			isa = PBXGroup;
			children = (
				D1039FA414D580B0007EB57D /* UIKit.framework */,
				D1039FA614D580B0007EB57D /* Foundation.framework */,
				D1039FA814D580B0007EB57D /* CoreGraphics.framework */,
			);
			name = Frameworks;
			sourceTree = "<group>";
		};
		D1039FAA14D580B0007EB57D /* StepIn */ = {
			isa = PBXGroup;
			children = (
				72D754A814D68004001FCCA5 /* CustomController */,
				72D7549414D67B42001FCCA5 /* Categories */,
				D1039FC014D580FA007EB57D /* main */,
				D1E7EB5914D5B3AB002E3BF2 /* Classes */,
				D1039FAB14D580B0007EB57D /* Supporting Files */,
			);
			path = StepIn;
			sourceTree = "<group>";
		};
		D1039FAB14D580B0007EB57D /* Supporting Files */ = {
			isa = PBXGroup;
			children = (
				D1039FAC14D580B0007EB57D /* StepIn-Info.plist */,
				D1039FAD14D580B0007EB57D /* InfoPlist.strings */,
				D1039FB014D580B0007EB57D /* main.m */,
				D1039FB214D580B0007EB57D /* StepIn-Prefix.pch */,
			);
			name = "Supporting Files";
			sourceTree = "<group>";
		};
		D1039FC014D580FA007EB57D /* main */ = {
			isa = PBXGroup;
			children = (
				D1039FCA14D581ED007EB57D /* TypeDef.h */,
				D1039FC114D58110007EB57D /* SIUIApplication.h */,
				D1039FC214D58110007EB57D /* SIUIApplication.m */,
				D1039FC414D58144007EB57D /* SIInjector.h */,
				D1039FC514D58144007EB57D /* SIInjector.m */,
				D1039FB314D580B0007EB57D /* SIDelegate.h */,
				D1039FB414D580B0007EB57D /* SIDelegate.m */,
				D1039FC714D581BF007EB57D /* AppScope.h */,
				D1039FC814D581BF007EB57D /* AppScope.m */,
			);
			name = main;
			sourceTree = "<group>";
		};
		D1E7EB5914D5B3AB002E3BF2 /* Classes */ = {
			isa = PBXGroup;
			children = (
				D1E7EB5B14D5B3B6002E3BF2 /* AlertViewController */,
				D1E7EB6A14D5B85B002E3BF2 /* AccountViewController */,
				72D754B214D684B6001FCCA5 /* CoreData */,
			);
			name = Classes;
			sourceTree = "<group>";
		};
		D1E7EB5B14D5B3B6002E3BF2 /* AlertViewController */ = {
			isa = PBXGroup;
			children = (
				D1E7EB5C14D5B3E8002E3BF2 /* AlertViewController.h */,
				D1E7EB5D14D5B3E8002E3BF2 /* AlertViewController.m */,
				D1E7EB5E14D5B3E8002E3BF2 /* AlertViewController.xib */,
			);
			name = AlertViewController;
			sourceTree = "<group>";
		};
		D1E7EB6614D5B6AD002E3BF2 /* Resources */ = {
			isa = PBXGroup;
			children = (
				D1E7EB6714D5B6BF002E3BF2 /* images */,
			);
			name = Resources;
			path = StepIn;
			sourceTree = "<group>";
		};
		D1E7EB6714D5B6BF002E3BF2 /* images */ = {
			isa = PBXGroup;
			children = (
				D1E7EB7814D5C14E002E3BF2 /* agents.png */,
				D1E7EB7014D5B9F2002E3BF2 /* account.png */,
				D1E7EB6814D5B6CD002E3BF2 /* alert.png */,
			);
			name = images;
			sourceTree = "<group>";
		};
		D1E7EB6A14D5B85B002E3BF2 /* AccountViewController */ = {
			isa = PBXGroup;
			children = (
				D1E7EB7214D5BC41002E3BF2 /* LoginViewController */,
				D1E7EB6B14D5B879002E3BF2 /* MyAgentsViewController.h */,
				D1E7EB6C14D5B879002E3BF2 /* MyAgentsViewController.m */,
				D1E7EB6D14D5B879002E3BF2 /* MyAgentsViewController.xib */,
			);
			name = AccountViewController;
			sourceTree = "<group>";
		};
		D1E7EB7214D5BC41002E3BF2 /* LoginViewController */ = {
			isa = PBXGroup;
			children = (
				72D7549B14D67CA1001FCCA5 /* cell */,
				D1E7EB7314D5BC8D002E3BF2 /* AccountViewController.h */,
				D1E7EB7414D5BC8D002E3BF2 /* AccountViewController.m */,
				D1E7EB7514D5BC8D002E3BF2 /* AccountViewController.xib */,
			);
			name = LoginViewController;
			sourceTree = "<group>";
		};
/* End PBXGroup section */

/* Begin PBXNativeTarget section */
		D1039F9F14D580B0007EB57D /* StepIn */ = {
			isa = PBXNativeTarget;
			buildConfigurationList = D1039FB814D580B0007EB57D /* Build configuration list for PBXNativeTarget "StepIn" */;
			buildPhases = (
				D1039F9C14D580B0007EB57D /* Sources */,
				D1039F9D14D580B0007EB57D /* Frameworks */,
				D1039F9E14D580B0007EB57D /* Resources */,
			);
			buildRules = (
			);
			dependencies = (
			);
			name = StepIn;
			productName = StepIn;
			productReference = D1039FA014D580B0007EB57D /* StepIn.app */;
			productType = "com.apple.product-type.application";
		};
/* End PBXNativeTarget section */

/* Begin PBXProject section */
		D1039F9714D580B0007EB57D /* Project object */ = {
			isa = PBXProject;
			attributes = {
				LastUpgradeCheck = 0420;
				ORGANIZATIONNAME = Kadrige;
			};
			buildConfigurationList = D1039F9A14D580B0007EB57D /* Build configuration list for PBXProject "StepIn" */;
			compatibilityVersion = "Xcode 3.2";
			developmentRegion = English;
			hasScannedForEncodings = 0;
			knownRegions = (
				en,
			);
			mainGroup = D1039F9514D580B0007EB57D;
			productRefGroup = D1039FA114D580B0007EB57D /* Products */;
			projectDirPath = "";
			projectRoot = "";
			targets = (
				D1039F9F14D580B0007EB57D /* StepIn */,
			);
		};
/* End PBXProject section */

/* Begin PBXResourcesBuildPhase section */
		D1039F9E14D580B0007EB57D /* Resources */ = {
			isa = PBXResourcesBuildPhase;
			buildActionMask = 2147483647;
			files = (
				D1039FAF14D580B0007EB57D /* InfoPlist.strings in Resources */,
				D1E7EB6014D5B3E8002E3BF2 /* AlertViewController.xib in Resources */,
				D1E7EB6914D5B6CD002E3BF2 /* alert.png in Resources */,
				D1E7EB6F14D5B879002E3BF2 /* MyAgentsViewController.xib in Resources */,
				D1E7EB7114D5B9F2002E3BF2 /* account.png in Resources */,
				D1E7EB7714D5BC8D002E3BF2 /* AccountViewController.xib in Resources */,
				D1E7EB7914D5C14E002E3BF2 /* agents.png in Resources */,
				72D754A014D67CC6001FCCA5 /* TextFieldCell.xib in Resources */,
			);
			runOnlyForDeploymentPostprocessing = 0;
		};
/* End PBXResourcesBuildPhase section */

/* Begin PBXSourcesBuildPhase section */
		D1039F9C14D580B0007EB57D /* Sources */ = {
			isa = PBXSourcesBuildPhase;
			buildActionMask = 2147483647;
			files = (
				D1039FB114D580B0007EB57D /* main.m in Sources */,
				D1039FB514D580B0007EB57D /* SIDelegate.m in Sources */,
				D1039FC314D58110007EB57D /* SIUIApplication.m in Sources */,
				D1039FC614D58144007EB57D /* SIInjector.m in Sources */,
				D1039FC914D581BF007EB57D /* AppScope.m in Sources */,
				D1E7EB5F14D5B3E8002E3BF2 /* AlertViewController.m in Sources */,
				D1E7EB6E14D5B879002E3BF2 /* MyAgentsViewController.m in Sources */,
				D1E7EB7614D5BC8D002E3BF2 /* AccountViewController.m in Sources */,
				72D7549914D67B4D001FCCA5 /* NSString+MD5Addition.m in Sources */,
				72D7549A14D67B4D001FCCA5 /* UIDevice+IdentifierAddition.m in Sources */,
				72D7549E14D67CBA001FCCA5 /* TextFieldCell.m in Sources */,
				72D754A314D67D7E001FCCA5 /* UIView+XIBLoading.m in Sources */,
				72D754B514D6853B001FCCA5 /* StepIn.xcdatamodeld in Sources */,
			);
			runOnlyForDeploymentPostprocessing = 0;
		};
/* End PBXSourcesBuildPhase section */

/* Begin PBXVariantGroup section */
		D1039FAD14D580B0007EB57D /* InfoPlist.strings */ = {
			isa = PBXVariantGroup;
			children = (
				D1039FAE14D580B0007EB57D /* en */,
			);
			name = InfoPlist.strings;
			sourceTree = "<group>";
		};
/* End PBXVariantGroup section */

/* Begin XCBuildConfiguration section */
		D1039FB614D580B0007EB57D /* Debug */ = {
			isa = XCBuildConfiguration;
			buildSettings = {
				ALWAYS_SEARCH_USER_PATHS = NO;
				ARCHS = "$(ARCHS_STANDARD_32_BIT)";
				"CODE_SIGN_IDENTITY[sdk=iphoneos*]" = "iPhone Developer";
				COPY_PHASE_STRIP = NO;
				GCC_C_LANGUAGE_STANDARD = gnu99;
				GCC_DYNAMIC_NO_PIC = NO;
				GCC_OPTIMIZATION_LEVEL = 0;
				GCC_PREPROCESSOR_DEFINITIONS = (
					"DEBUG=1",
					"$(inherited)",
				);
				GCC_SYMBOLS_PRIVATE_EXTERN = NO;
				GCC_VERSION = com.apple.compilers.llvm.clang.1_0;
				GCC_WARN_ABOUT_MISSING_PROTOTYPES = YES;
				GCC_WARN_ABOUT_RETURN_TYPE = YES;
				GCC_WARN_UNUSED_VARIABLE = YES;
				IPHONEOS_DEPLOYMENT_TARGET = 5.0;
				SDKROOT = iphoneos;
			};
			name = Debug;
		};
		D1039FB714D580B0007EB57D /* Release */ = {
			isa = XCBuildConfiguration;
			buildSettings = {
				ALWAYS_SEARCH_USER_PATHS = NO;
				ARCHS = "$(ARCHS_STANDARD_32_BIT)";
				"CODE_SIGN_IDENTITY[sdk=iphoneos*]" = "iPhone Developer";
				COPY_PHASE_STRIP = YES;
				GCC_C_LANGUAGE_STANDARD = gnu99;
				GCC_VERSION = com.apple.compilers.llvm.clang.1_0;
				GCC_WARN_ABOUT_MISSING_PROTOTYPES = YES;
				GCC_WARN_ABOUT_RETURN_TYPE = YES;
				GCC_WARN_UNUSED_VARIABLE = YES;
				IPHONEOS_DEPLOYMENT_TARGET = 5.0;
				OTHER_CFLAGS = "-DNS_BLOCK_ASSERTIONS=1";
				SDKROOT = iphoneos;
				VALIDATE_PRODUCT = YES;
			};
			name = Release;
		};
		D1039FB914D580B0007EB57D /* Debug */ = {
			isa = XCBuildConfiguration;
			buildSettings = {
				GCC_PRECOMPILE_PREFIX_HEADER = YES;
				GCC_PREFIX_HEADER = "StepIn/StepIn-Prefix.pch";
				INFOPLIST_FILE = "StepIn/StepIn-Info.plist";
				PRODUCT_NAME = "$(TARGET_NAME)";
				WRAPPER_EXTENSION = app;
			};
			name = Debug;
		};
		D1039FBA14D580B0007EB57D /* Release */ = {
			isa = XCBuildConfiguration;
			buildSettings = {
				GCC_PRECOMPILE_PREFIX_HEADER = YES;
				GCC_PREFIX_HEADER = "StepIn/StepIn-Prefix.pch";
				INFOPLIST_FILE = "StepIn/StepIn-Info.plist";
				PRODUCT_NAME = "$(TARGET_NAME)";
				WRAPPER_EXTENSION = app;
			};
			name = Release;
		};
/* End XCBuildConfiguration section */

/* Begin XCConfigurationList section */
		D1039F9A14D580B0007EB57D /* Build configuration list for PBXProject "StepIn" */ = {
			isa = XCConfigurationList;
			buildConfigurations = (
				D1039FB614D580B0007EB57D /* Debug */,
				D1039FB714D580B0007EB57D /* Release */,
			);
			defaultConfigurationIsVisible = 0;
			defaultConfigurationName = Release;
		};
		D1039FB814D580B0007EB57D /* Build configuration list for PBXNativeTarget "StepIn" */ = {
			isa = XCConfigurationList;
			buildConfigurations = (
				D1039FB914D580B0007EB57D /* Debug */,
				D1039FBA14D580B0007EB57D /* Release */,
			);
			defaultConfigurationIsVisible = 0;
			defaultConfigurationName = Release;
		};
/* End XCConfigurationList section */

/* Begin XCVersionGroup section */
		72D754B314D6853B001FCCA5 /* StepIn.xcdatamodeld */ = {
			isa = XCVersionGroup;
			children = (
				72D754B414D6853B001FCCA5 /* StepIn.xcdatamodel */,
			);
			currentVersion = 72D754B414D6853B001FCCA5 /* StepIn.xcdatamodel */;
			path = StepIn.xcdatamodeld;
			sourceTree = "<group>";
			versionGroupType = wrapper.xcdatamodel;
		};
/* End XCVersionGroup section */
	};
	rootObject = D1039F9714D580B0007EB57D /* Project object */;
}
